
Microsoft Visual Studio Solution File, Format Version 12.00
# Visual Studio Version 17
VisualStudioVersion = 17.8.34601.278
MinimumVisualStudioVersion = 10.0.40219.1
Project("{FAE04EC0-301F-11D3-BF4B-00C04F79EFBC}") = "GymNexus.API", "GymNexus.API\GymNexus.API.csproj", "{2876E91F-1DED-4132-A936-1648814B120E}"
EndProject
Project("{FAE04EC0-301F-11D3-BF4B-00C04F79EFBC}") = "GymNexus.Core", "GymNexus.Core\GymNexus.Core.csproj", "{BEB63A1C-2E62-4450-9F3A-55FF83133CB9}"
EndProject
Project("{FAE04EC0-301F-11D3-BF4B-00C04F79EFBC}") = "GymNexus.Infrastructure", "GymNexus.Infrastructure\GymNexus.Infrastructure.csproj", "{338BF65D-78F9-4CA5-A542-36192E72DCFB}"
EndProject
Global
	GlobalSection(SolutionConfigurationPlatforms) = preSolution
		Debug|Any CPU = Debug|Any CPU
		Release|Any CPU = Release|Any CPU
	EndGlobalSection
	GlobalSection(ProjectConfigurationPlatforms) = postSolution
		{2876E91F-1DED-4132-A936-1648814B120E}.Debug|Any CPU.ActiveCfg = Debug|Any CPU
		{2876E91F-1DED-4132-A936-1648814B120E}.Debug|Any CPU.Build.0 = Debug|Any CPU
		{2876E91F-1DED-4132-A936-1648814B120E}.Release|Any CPU.ActiveCfg = Release|Any CPU
		{2876E91F-1DED-4132-A936-1648814B120E}.Release|Any CPU.Build.0 = Release|Any CPU
		{BEB63A1C-2E62-4450-9F3A-55FF83133CB9}.Debug|Any CPU.ActiveCfg = Debug|Any CPU
		{BEB63A1C-2E62-4450-9F3A-55FF83133CB9}.Debug|Any CPU.Build.0 = Debug|Any CPU
		{BEB63A1C-2E62-4450-9F3A-55FF83133CB9}.Release|Any CPU.ActiveCfg = Release|Any CPU
		{BEB63A1C-2E62-4450-9F3A-55FF83133CB9}.Release|Any CPU.Build.0 = Release|Any CPU
		{338BF65D-78F9-4CA5-A542-36192E72DCFB}.Debug|Any CPU.ActiveCfg = Debug|Any CPU
		{338BF65D-78F9-4CA5-A542-36192E72DCFB}.Debug|Any CPU.Build.0 = Debug|Any CPU
		{338BF65D-78F9-4CA5-A542-36192E72DCFB}.Release|Any CPU.ActiveCfg = Release|Any CPU
		{338BF65D-78F9-4CA5-A542-36192E72DCFB}.Release|Any CPU.Build.0 = Release|Any CPU
	EndGlobalSection
	GlobalSection(SolutionProperties) = preSolution
		HideSolutionNode = FALSE
	EndGlobalSection
	GlobalSection(ExtensibilityGlobals) = postSolution
		SolutionGuid = {5AA311B3-E88A-4D39-8174-03B8B15A0CE9}
	EndGlobalSection
EndGlobal
